
Microsoft Visual Studio Solution File, Format Version 12.00
# Visual Studio 15
Project("{FAE04EC0-301F-11D3-BF4B-00C04F79EFBC}") = "Assembly-CSharp", "Assembly-CSharp.csproj", "{C52FF07F-FFA9-EF52-6AA6-C8FB9686138A}"
EndProject
Project("{FAE04EC0-301F-11D3-BF4B-00C04F79EFBC}") = "Assembly-CSharp-Editor-firstpass", "Assembly-CSharp-Editor-firstpass.csproj", "{3AF5D703-876A-FE35-6237-81D11719F73C}"
EndProject
Project("{FAE04EC0-301F-11D3-BF4B-00C04F79EFBC}") = "Assembly-CSharp-Editor", "Assembly-CSharp-Editor.csproj", "{1C3D89C3-1768-C946-3722-D3B59F373E5C}"
EndProject
Global
	GlobalSection(SolutionConfigurationPlatforms) = preSolution
		Debug|Any CPU = Debug|Any CPU
		Release|Any CPU = Release|Any CPU
	EndGlobalSection
	GlobalSection(ProjectConfigurationPlatforms) = postSolution
		{C52FF07F-FFA9-EF52-6AA6-C8FB9686138A}.Debug|Any CPU.ActiveCfg = Debug|Any CPU
		{C52FF07F-FFA9-EF52-6AA6-C8FB9686138A}.Debug|Any CPU.Build.0 = Debug|Any CPU
		{C52FF07F-FFA9-EF52-6AA6-C8FB9686138A}.Release|Any CPU.ActiveCfg = Release|Any CPU
		{C52FF07F-FFA9-EF52-6AA6-C8FB9686138A}.Release|Any CPU.Build.0 = Release|Any CPU
		{3AF5D703-876A-FE35-6237-81D11719F73C}.Debug|Any CPU.ActiveCfg = Debug|Any CPU
		{3AF5D703-876A-FE35-6237-81D11719F73C}.Debug|Any CPU.Build.0 = Debug|Any CPU
		{3AF5D703-876A-FE35-6237-81D11719F73C}.Release|Any CPU.ActiveCfg = Release|Any CPU
		{3AF5D703-876A-FE35-6237-81D11719F73C}.Release|Any CPU.Build.0 = Release|Any CPU
		{1C3D89C3-1768-C946-3722-D3B59F373E5C}.Debug|Any CPU.ActiveCfg = Debug|Any CPU
		{1C3D89C3-1768-C946-3722-D3B59F373E5C}.Debug|Any CPU.Build.0 = Debug|Any CPU
		{1C3D89C3-1768-C946-3722-D3B59F373E5C}.Release|Any CPU.ActiveCfg = Release|Any CPU
		{1C3D89C3-1768-C946-3722-D3B59F373E5C}.Release|Any CPU.Build.0 = Release|Any CPU
	EndGlobalSection
	GlobalSection(SolutionProperties) = preSolution
		HideSolutionNode = FALSE
	EndGlobalSection
EndGlobal
